
Microsoft Visual Studio Solution File, Format Version 12.00
# Visual Studio Version 16
VisualStudioVersion = 16.0.29306.81
MinimumVisualStudioVersion = 10.0.40219.1
Project("{9A19103F-16F7-4668-BE54-9A1E7A4F7556}") = "ToneDBPOC", "ToneDBPOC\ToneDBPOC.csproj", "{60A0B6A4-E797-4086-BA58-A6905054B6B2}"
EndProject
Project("{FAE04EC0-301F-11D3-BF4B-00C04F79EFBC}") = "XUnitTestProject1", "XUnitTestProject1\XUnitTestProject1.csproj", "{9C59EC1F-DFFE-418C-AF92-C6FA1D8D1E58}"
EndProject
Global
	GlobalSection(SolutionConfigurationPlatforms) = preSolution
		Debug|Any CPU = Debug|Any CPU
		Release|Any CPU = Release|Any CPU
	EndGlobalSection
	GlobalSection(ProjectConfigurationPlatforms) = postSolution
		{60A0B6A4-E797-4086-BA58-A6905054B6B2}.Debug|Any CPU.ActiveCfg = Debug|Any CPU
		{60A0B6A4-E797-4086-BA58-A6905054B6B2}.Debug|Any CPU.Build.0 = Debug|Any CPU
		{60A0B6A4-E797-4086-BA58-A6905054B6B2}.Release|Any CPU.ActiveCfg = Release|Any CPU
		{60A0B6A4-E797-4086-BA58-A6905054B6B2}.Release|Any CPU.Build.0 = Release|Any CPU
		{9C59EC1F-DFFE-418C-AF92-C6FA1D8D1E58}.Debug|Any CPU.ActiveCfg = Debug|Any CPU
		{9C59EC1F-DFFE-418C-AF92-C6FA1D8D1E58}.Debug|Any CPU.Build.0 = Debug|Any CPU
		{9C59EC1F-DFFE-418C-AF92-C6FA1D8D1E58}.Release|Any CPU.ActiveCfg = Release|Any CPU
		{9C59EC1F-DFFE-418C-AF92-C6FA1D8D1E58}.Release|Any CPU.Build.0 = Release|Any CPU
	EndGlobalSection
	GlobalSection(SolutionProperties) = preSolution
		HideSolutionNode = FALSE
	EndGlobalSection
	GlobalSection(ExtensibilityGlobals) = postSolution
		SolutionGuid = {EE54B0CC-CDC4-409F-BF0A-ECBB7ACC2132}
	EndGlobalSection
EndGlobal
